<?xml version="1.0" encoding="utf-8"?>
<Project ToolsVersion="4.0" xmlns="http://schemas.microsoft.com/developer/msbuild/2003">
  <ItemGroup>
    <Filter Include="Network">
      <UniqueIdentifier>{bcf5c916-3e6f-4f9c-9f11-1180592085a5}</UniqueIdentifier>
    </Filter>
    <Filter Include="Network\DummyClientMessage">
      <UniqueIdentifier>{30da3d58-de9d-4bbc-9734-b1cb2d49596e}</UniqueIdentifier>
    </Filter>
    <Filter Include="Client">
      <UniqueIdentifier>{39718cf8-20d1-4730-8fe5-42bf5a6ea680}</UniqueIdentifier>
    </Filter>
    <Filter Include="Client\QuickSlotBar">
      <UniqueIdentifier>{5506165e-a2ab-475f-b587-d6acb6c7a433}</UniqueIdentifier>
    </Filter>
    <Filter Include="Client\Memory">
      <UniqueIdentifier>{be357f14-eef6-4312-94ee-88cf2f15c919}</UniqueIdentifier>
    </Filter>
    <Filter Include="Client\LockFree">
      <UniqueIdentifier>{bed5d912-4fdd-4b70-b123-e70e9b9d6677}</UniqueIdentifier>
    </Filter>
    <Filter Include="Client\SKillBox">
      <UniqueIdentifier>{7025cb2f-0cc2-491f-ae22-8f2b2e41d57e}</UniqueIdentifier>
    </Filter>
    <Filter Include="Client\Map">
      <UniqueIdentifier>{ae8b20d3-409e-49f5-8508-d72af728305f}</UniqueIdentifier>
    </Filter>
    <Filter Include="Client\Util">
      <UniqueIdentifier>{7666bb77-5b31-4ed9-bae8-12fc12c013b9}</UniqueIdentifier>
    </Filter>
  </ItemGroup>
  <ItemGroup>
    <ClCompile Include="Message.cpp">
      <Filter>Network\DummyClientMessage</Filter>
    </ClCompile>
    <ClCompile Include="QuickSlotBar.cpp">
      <Filter>Client\QuickSlotBar</Filter>
    </ClCompile>
    <ClCompile Include="QuickSlotManager.cpp">
      <Filter>Client\QuickSlotBar</Filter>
    </ClCompile>
    <ClCompile Include="DummyClient.cpp" />
    <ClCompile Include="main.cpp" />
    <ClCompile Include="SkillBox.cpp">
      <Filter>Client\SKillBox</Filter>
    </ClCompile>
    <ClCompile Include="FileUtils.cpp">
      <Filter>Client\Util</Filter>
    </ClCompile>
    <ClCompile Include="Map.cpp">
      <Filter>Client\Map</Filter>
    </ClCompile>
  </ItemGroup>
  <ItemGroup>
    <ClInclude Include="Message.h">
      <Filter>Network\DummyClientMessage</Filter>
    </ClInclude>
    <ClInclude Include="ClientInfo.h">
      <Filter>Client</Filter>
    </ClInclude>
    <ClInclude Include="QuickSlotBar.h">
      <Filter>Client\QuickSlotBar</Filter>
    </ClInclude>
    <ClInclude Include="QuickSlotManager.h">
      <Filter>Client\QuickSlotBar</Filter>
    </ClInclude>
    <ClInclude Include="ObjectPoolFreeList.h">
      <Filter>Client\Memory</Filter>
    </ClInclude>
    <ClInclude Include="MemoryPoolTLS.h">
      <Filter>Client\Memory</Filter>
    </ClInclude>
    <ClInclude Include="LockFreeQue.h">
      <Filter>Client\LockFree</Filter>
    </ClInclude>
    <ClInclude Include="LockFreeStack.h">
      <Filter>Client\LockFree</Filter>
    </ClInclude>
    <ClInclude Include="CommonProtocol.h">
      <Filter>Network</Filter>
    </ClInclude>
    <ClInclude Include="DummyClient.h" />
    <ClInclude Include="GameObjectInfo.h">
      <Filter>Client</Filter>
    </ClInclude>
    <ClInclude Include="RingBuffer.h">
      <Filter>Client</Filter>
    </ClInclude>
    <ClInclude Include="Type.h">
      <Filter>Client</Filter>
    </ClInclude>
    <ClInclude Include="SkillBox.h">
      <Filter>Client\SKillBox</Filter>
    </ClInclude>
    <ClInclude Include="Map.h">
      <Filter>Client\Map</Filter>
    </ClInclude>
    <ClInclude Include="FileUtils.h">
      <Filter>Client\Util</Filter>
    </ClInclude>
  </ItemGroup>
  <ItemGroup>
    <Text Include="MapData.txt">
      <Filter>Client</Filter>
    </Text>
  </ItemGroup>
</Project>