<?xml version="1.0" encoding="utf-8"?>
<Project ToolsVersion="4.0" xmlns="http://schemas.microsoft.com/developer/msbuild/2003">
  <ItemGroup>
    <Filter Include="Util">
      <UniqueIdentifier>{f47daaaf-30c4-4c4d-906e-2103ea43d0f3}</UniqueIdentifier>
    </Filter>
    <Filter Include="Util\XMLParser">
      <UniqueIdentifier>{d0223182-400f-4cda-a3c4-5cd82c8b08e1}</UniqueIdentifier>
    </Filter>
    <Filter Include="Util\Log">
      <UniqueIdentifier>{fa39c304-71d7-4be5-aa95-cbf00aa028f9}</UniqueIdentifier>
    </Filter>
    <Filter Include="Util\LockFree">
      <UniqueIdentifier>{6cf0e3ab-6bb2-457e-b18f-e2c108c3627f}</UniqueIdentifier>
    </Filter>
    <Filter Include="Util\Memory">
      <UniqueIdentifier>{b4b925dc-315d-4216-beec-c8fe3a82b3fd}</UniqueIdentifier>
    </Filter>
    <Filter Include="Message">
      <UniqueIdentifier>{10de2a4e-5600-451b-aa2d-34c45b6fd9d7}</UniqueIdentifier>
    </Filter>
    <Filter Include="ServerCore">
      <UniqueIdentifier>{6f18b3bc-19da-4ffa-abee-1cfae23f2fe9}</UniqueIdentifier>
    </Filter>
    <Filter Include="DB">
      <UniqueIdentifier>{6a3dd1a1-0865-414b-bec4-ee23b71b2eff}</UniqueIdentifier>
    </Filter>
    <Filter Include="ContentServer">
      <UniqueIdentifier>{56bdcf25-ea3b-43fa-b708-d881b96d45e0}</UniqueIdentifier>
    </Filter>
    <Filter Include="Util\File">
      <UniqueIdentifier>{b9b07ab4-ce0c-4b0a-9c37-bcda4302be5f}</UniqueIdentifier>
    </Filter>
    <Filter Include="ContentServer\Content">
      <UniqueIdentifier>{4cae6cf0-7bb7-4aa8-8506-398ba31b83af}</UniqueIdentifier>
    </Filter>
    <Filter Include="ContentServer\Content\Channel">
      <UniqueIdentifier>{0404a1cf-87de-4b63-b5b7-3537ea3d5247}</UniqueIdentifier>
    </Filter>
    <Filter Include="ContentServer\Content\Item">
      <UniqueIdentifier>{f0da3aa8-0024-476a-a36f-d688c4ba180e}</UniqueIdentifier>
    </Filter>
    <Filter Include="ContentServer\Content\Data">
      <UniqueIdentifier>{12807dfe-17f2-4046-865b-c8efb38536d7}</UniqueIdentifier>
    </Filter>
    <Filter Include="ContentServer\Content\GameObject">
      <UniqueIdentifier>{821a2af2-60a7-4c19-8f19-590f7bfe1ef6}</UniqueIdentifier>
    </Filter>
    <Filter Include="ContentServer\Content\Inventory">
      <UniqueIdentifier>{d1d4b5ab-ae77-4157-93ab-b949d6eda307}</UniqueIdentifier>
    </Filter>
    <Filter Include="ContentServer\Content\SkillBox">
      <UniqueIdentifier>{269e145b-6171-4f6c-8ef8-8cbf73eb6a3b}</UniqueIdentifier>
    </Filter>
    <Filter Include="ContentServer\Content\SkillBox\Skill">
      <UniqueIdentifier>{55129a4d-d01c-4121-b387-47d63fac084d}</UniqueIdentifier>
    </Filter>
    <Filter Include="ContentServer\Content\GameObject\Environment">
      <UniqueIdentifier>{4abef9f1-ac7f-43fc-86d5-a4cadaaadce3}</UniqueIdentifier>
    </Filter>
    <Filter Include="ContentServer\Content\Equiment">
      <UniqueIdentifier>{ad620a1c-6f26-4d33-b623-da20f3ff6f50}</UniqueIdentifier>
    </Filter>
    <Filter Include="ContentServer\Content\Map">
      <UniqueIdentifier>{c58762ae-f81f-4697-8cde-0d52a640418b}</UniqueIdentifier>
    </Filter>
    <Filter Include="Util\Json,Xml">
      <UniqueIdentifier>{b3023991-54a2-4ae7-9aa4-811f2eb02c1c}</UniqueIdentifier>
    </Filter>
    <Filter Include="Util\Json,Xml\DB">
      <UniqueIdentifier>{78adbdab-1584-4001-a3cc-f094d3e8fdcd}</UniqueIdentifier>
    </Filter>
    <Filter Include="Util\Json,Xml\Server">
      <UniqueIdentifier>{333fc71e-1d3d-4fb3-b966-5cc1ddef8388}</UniqueIdentifier>
    </Filter>
    <Filter Include="Util\Json,Xml\Data">
      <UniqueIdentifier>{39bd25db-55f2-4eb9-af34-6bad1c71c5bf}</UniqueIdentifier>
    </Filter>
    <Filter Include="Util\Json,Xml\Data\SkillData">
      <UniqueIdentifier>{40192980-e430-431a-929f-2f8a9aafd339}</UniqueIdentifier>
    </Filter>
    <Filter Include="ContentServer\Content\GameObject\CraftingTable">
      <UniqueIdentifier>{9cc70862-f617-4ccb-aebe-d96d8104d70d}</UniqueIdentifier>
    </Filter>
    <Filter Include="Util\Json,Xml\Data\CraftingData">
      <UniqueIdentifier>{5cda58bf-8823-4c7b-9669-32b62ae72a9a}</UniqueIdentifier>
    </Filter>
    <Filter Include="Util\Json,Xml\Data\Monster">
      <UniqueIdentifier>{7da3bb6d-d535-4bd8-a627-4b2d8958413e}</UniqueIdentifier>
    </Filter>
    <Filter Include="Util\Json,Xml\Data\Crop">
      <UniqueIdentifier>{09e277f0-eaa0-4510-9869-5230e0eeeabf}</UniqueIdentifier>
    </Filter>
    <Filter Include="Util\Json,Xml\Data\Environment">
      <UniqueIdentifier>{24440327-9226-4430-b564-e53e286f89d9}</UniqueIdentifier>
    </Filter>
    <Filter Include="Util\Json,Xml\Data\Item">
      <UniqueIdentifier>{30bd0dcb-e498-4466-b369-27dc88302a86}</UniqueIdentifier>
    </Filter>
    <Filter Include="Util\Json,Xml\Data\OptionData">
      <UniqueIdentifier>{28b4cf46-a5c4-4846-ba53-b248d761eced}</UniqueIdentifier>
    </Filter>
    <Filter Include="Util\Json,Xml\Data\MapData">
      <UniqueIdentifier>{ebf7066d-d5df-4931-a9ca-4a9c65858d2e}</UniqueIdentifier>
    </Filter>
    <Filter Include="ContentServer\Content\Collision">
      <UniqueIdentifier>{70d82b95-bfce-46fb-bb10-c6f9d6245801}</UniqueIdentifier>
    </Filter>
    <Filter Include="ContentServer\Content\Day">
      <UniqueIdentifier>{e53f1ebf-a98b-4aca-a0e4-16993061348e}</UniqueIdentifier>
    </Filter>
    <Filter Include="ContentServer\Content\GameObject\Installation">
      <UniqueIdentifier>{d6aced22-a668-4fd0-bc76-7335346cda7d}</UniqueIdentifier>
    </Filter>
    <Filter Include="ContentServer\Content\Math">
      <UniqueIdentifier>{4d1fab75-bf5d-4139-a644-53cfeda37f65}</UniqueIdentifier>
    </Filter>
    <Filter Include="ContentServer\Content\SkillBox\SkillCharacteristic">
      <UniqueIdentifier>{652962d3-49f5-476b-bc2f-9f42c8e2312f}</UniqueIdentifier>
    </Filter>
    <Filter Include="ContentServer\Content\GameObject\Creature">
      <UniqueIdentifier>{a83f76f2-3f86-45cb-939c-750f1e423060}</UniqueIdentifier>
    </Filter>
    <Filter Include="ContentServer\Content\GameObject\Creature\Player">
      <UniqueIdentifier>{ae04998f-66c9-4da1-8bfd-9f8523536e46}</UniqueIdentifier>
    </Filter>
    <Filter Include="ContentServer\Content\GameObject\Creature\NonPlayer">
      <UniqueIdentifier>{1b739023-37af-4da4-acbd-1525178173fe}</UniqueIdentifier>
    </Filter>
    <Filter Include="ContentServer\Content\GameObject\Creature\Monster">
      <UniqueIdentifier>{33925b0f-ac21-4ddd-875e-de847e8abf20}</UniqueIdentifier>
    </Filter>
    <Filter Include="ContentServer\Content\GameObject\Crops">
      <UniqueIdentifier>{24836bc5-013d-4578-867b-58b7159bc0e9}</UniqueIdentifier>
    </Filter>
    <Filter Include="ContentServer\Content\QuickSlotBar">
      <UniqueIdentifier>{f784ae9e-5bca-4c1e-8f88-545e6f15b532}</UniqueIdentifier>
    </Filter>
    <Filter Include="ContentServer\Content\Network">
      <UniqueIdentifier>{5f9a7b99-1197-473e-b68c-1b7b5b0bb359}</UniqueIdentifier>
    </Filter>
    <Filter Include="ContentServer\Content\SkillBox\Skill\SkillObject">
      <UniqueIdentifier>{56523c36-ada6-47e3-8be5-eed55deaf9ec}</UniqueIdentifier>
    </Filter>
    <Filter Include="Util\Json,Xml\Drop">
      <UniqueIdentifier>{6d6a25ae-e7ff-4725-9f02-8c86aeb7d149}</UniqueIdentifier>
    </Filter>
  </ItemGroup>
  <ItemGroup>
    <ClInclude Include="Type.h">
      <Filter>Util</Filter>
    </ClInclude>
    <ClInclude Include="DBConnection.h">
      <Filter>DB</Filter>
    </ClInclude>
    <ClInclude Include="DBModel.h">
      <Filter>DB</Filter>
    </ClInclude>
    <ClInclude Include="DBConnectionPool.h">
      <Filter>DB</Filter>
    </ClInclude>
    <ClInclude Include="GameServer.h">
      <Filter>ContentServer</Filter>
    </ClInclude>
    <ClInclude Include="NetworkLib.h">
      <Filter>ServerCore</Filter>
    </ClInclude>
    <ClInclude Include="SessionInfo.h">
      <Filter>ServerCore</Filter>
    </ClInclude>
    <ClInclude Include="RingBuffer.h">
      <Filter>ServerCore</Filter>
    </ClInclude>
    <ClInclude Include="LockFreeQue.h">
      <Filter>Util\LockFree</Filter>
    </ClInclude>
    <ClInclude Include="LockFreeStack.h">
      <Filter>Util\LockFree</Filter>
    </ClInclude>
    <ClInclude Include="ObjectPoolFreeList.h">
      <Filter>Util\Memory</Filter>
    </ClInclude>
    <ClInclude Include="MemoryPoolTLS.h">
      <Filter>Util\Memory</Filter>
    </ClInclude>
    <ClInclude Include="Log.h">
      <Filter>Util\Log</Filter>
    </ClInclude>
    <ClInclude Include="DBSynchronizer.h">
      <Filter>DB</Filter>
    </ClInclude>
    <ClInclude Include="DBBind.h">
      <Filter>DB</Filter>
    </ClInclude>
    <ClInclude Include="rapidxml.hpp">
      <Filter>Util\XMLParser</Filter>
    </ClInclude>
    <ClInclude Include="rapidxml_iterators.hpp">
      <Filter>Util\XMLParser</Filter>
    </ClInclude>
    <ClInclude Include="rapidxml_print.hpp">
      <Filter>Util\XMLParser</Filter>
    </ClInclude>
    <ClInclude Include="rapidxml_utils.hpp">
      <Filter>Util\XMLParser</Filter>
    </ClInclude>
    <ClInclude Include="XmlParser.h">
      <Filter>Util\XMLParser</Filter>
    </ClInclude>
    <ClInclude Include="FileUtils.h">
      <Filter>Util\File</Filter>
    </ClInclude>
    <ClInclude Include="Macro.h">
      <Filter>Util</Filter>
    </ClInclude>
    <ClInclude Include="Global.h">
      <Filter>Util</Filter>
    </ClInclude>
    <ClInclude Include="GameServerInfo.h">
      <Filter>ContentServer</Filter>
    </ClInclude>
    <ClInclude Include="CommonProtocol.h">
      <Filter>ContentServer</Filter>
    </ClInclude>
    <ClInclude Include="Channel.h">
      <Filter>ContentServer\Content\Channel</Filter>
    </ClInclude>
    <ClInclude Include="Item.h">
      <Filter>ContentServer\Content\Item</Filter>
    </ClInclude>
    <ClInclude Include="Data.h">
      <Filter>ContentServer\Content\Data</Filter>
    </ClInclude>
    <ClInclude Include="DBStoreProcedure.h">
      <Filter>DB</Filter>
    </ClInclude>
    <ClInclude Include="Player.h">
      <Filter>ContentServer\Content\GameObject\Creature\Player</Filter>
    </ClInclude>
    <ClInclude Include="ChannelManager.h">
      <Filter>ContentServer\Content\Channel</Filter>
    </ClInclude>
    <ClInclude Include="GameObject.h">
      <Filter>ContentServer\Content\GameObject</Filter>
    </ClInclude>
    <ClInclude Include="Monster.h">
      <Filter>ContentServer\Content\GameObject\Creature\Monster</Filter>
    </ClInclude>
    <ClInclude Include="Heap.h" />
    <ClInclude Include="ObjectManager.h">
      <Filter>ContentServer\Content\GameObject</Filter>
    </ClInclude>
    <ClInclude Include="Message.h">
      <Filter>Message</Filter>
    </ClInclude>
    <ClInclude Include="Inventory.h">
      <Filter>ContentServer\Content\Inventory</Filter>
    </ClInclude>
    <ClInclude Include="GameObjectInfo.h">
      <Filter>ContentServer\Content\GameObject</Filter>
    </ClInclude>
    <ClInclude Include="Skill.h">
      <Filter>ContentServer\Content\SkillBox\Skill</Filter>
    </ClInclude>
    <ClInclude Include="Environment.h">
      <Filter>ContentServer\Content\GameObject\Environment</Filter>
    </ClInclude>
    <ClInclude Include="QuickSlotManager.h">
      <Filter>ContentServer\Content\QuickSlotBar</Filter>
    </ClInclude>
    <ClInclude Include="QuickSlotBar.h">
      <Filter>ContentServer\Content\QuickSlotBar</Filter>
    </ClInclude>
    <ClInclude Include="pch.h" />
    <ClInclude Include="GameServerMessage.h">
      <Filter>Message</Filter>
    </ClInclude>
    <ClInclude Include="EquipmentBox.h">
      <Filter>ContentServer\Content\Equiment</Filter>
    </ClInclude>
    <ClInclude Include="InventoryManager.h">
      <Filter>ContentServer\Content\Inventory</Filter>
    </ClInclude>
    <ClInclude Include="Map.h">
      <Filter>ContentServer\Content\Map</Filter>
    </ClInclude>
    <ClInclude Include="MapManager.h">
      <Filter>ContentServer\Content\Map</Filter>
    </ClInclude>
    <ClInclude Include="SkillBox.h">
      <Filter>ContentServer\Content\SkillBox</Filter>
    </ClInclude>
    <ClInclude Include="Sector.h">
      <Filter>ContentServer\Content\Map</Filter>
    </ClInclude>
    <ClInclude Include="Furnace.h">
      <Filter>ContentServer\Content\GameObject\CraftingTable</Filter>
    </ClInclude>
    <ClInclude Include="CraftingTable.h">
      <Filter>ContentServer\Content\GameObject\CraftingTable</Filter>
    </ClInclude>
    <ClInclude Include="Sawmill.h">
      <Filter>ContentServer\Content\GameObject\CraftingTable</Filter>
    </ClInclude>
    <ClInclude Include="Crop.h">
      <Filter>ContentServer\Content\GameObject\Crops</Filter>
    </ClInclude>
    <ClInclude Include="Potato.h">
      <Filter>ContentServer\Content\GameObject\Crops</Filter>
    </ClInclude>
    <ClInclude Include="RectCollision.h">
      <Filter>ContentServer\Content\Collision</Filter>
    </ClInclude>
    <ClInclude Include="Day.h">
      <Filter>ContentServer\Content\Day</Filter>
    </ClInclude>
    <ClInclude Include="StorageBox.h">
      <Filter>ContentServer\Content\GameObject\Installation</Filter>
    </ClInclude>
    <ClInclude Include="Math.h">
      <Filter>ContentServer\Content\Math</Filter>
    </ClInclude>
    <ClInclude Include="Corn.h">
      <Filter>ContentServer\Content\GameObject\Crops</Filter>
    </ClInclude>
    <ClInclude Include="SkillCharacteristic.h">
      <Filter>ContentServer\Content\SkillBox\SkillCharacteristic</Filter>
    </ClInclude>
    <ClInclude Include="PartyManager.h">
      <Filter>ContentServer\Content\GameObject\Creature\Player</Filter>
    </ClInclude>
    <ClInclude Include="MonsterSkillBox.h">
      <Filter>ContentServer\Content\SkillBox</Filter>
    </ClInclude>
    <ClInclude Include="NonPlayer.h">
      <Filter>ContentServer\Content\GameObject\Creature\NonPlayer</Filter>
    </ClInclude>
    <ClInclude Include="Creature.h">
      <Filter>ContentServer\Content\GameObject\Creature</Filter>
    </ClInclude>
    <ClInclude Include="GeneralMerchantNPC.h">
      <Filter>ContentServer\Content\GameObject\Creature\NonPlayer</Filter>
    </ClInclude>
    <ClInclude Include="Goblin.h">
      <Filter>ContentServer\Content\GameObject\Creature\Monster</Filter>
    </ClInclude>
    <ClInclude Include="DataManager.h">
      <Filter>ContentServer\Content\Data</Filter>
    </ClInclude>
    <ClInclude Include="Wall.h">
      <Filter>ContentServer\Content\GameObject\Environment</Filter>
    </ClInclude>
    <ClInclude Include="NetworkManager.h">
      <Filter>ContentServer\Content\Network</Filter>
    </ClInclude>
    <ClInclude Include="Matrix2x2.h">
      <Filter>ContentServer\Content\Math</Filter>
    </ClInclude>
    <ClInclude Include="Vector2.h">
      <Filter>ContentServer\Content\Math</Filter>
    </ClInclude>
    <ClInclude Include="SwordBlade.h">
      <Filter>ContentServer\Content\SkillBox\Skill\SkillObject</Filter>
    </ClInclude>
    <ClInclude Include="FlameBolt.h">
      <Filter>ContentServer\Content\SkillBox\Skill\SkillObject</Filter>
    </ClInclude>
    <ClInclude Include="DivineBolt.h">
      <Filter>ContentServer\Content\SkillBox\Skill\SkillObject</Filter>
    </ClInclude>
    <ClInclude Include="RigidBody2D.h">
      <Filter>ContentServer\Content\Collision</Filter>
    </ClInclude>
    <ClInclude Include="QuickSlotKey.h">
      <Filter>ContentServer\Content\QuickSlotBar</Filter>
    </ClInclude>
  </ItemGroup>
  <ItemGroup>
    <ClCompile Include="pch.cpp" />
    <ClCompile Include="main.cpp" />
    <ClCompile Include="DBConnection.cpp">
      <Filter>DB</Filter>
    </ClCompile>
    <ClCompile Include="DBModel.cpp">
      <Filter>DB</Filter>
    </ClCompile>
    <ClCompile Include="DBConnectionPool.cpp">
      <Filter>DB</Filter>
    </ClCompile>
    <ClCompile Include="GameServer.cpp">
      <Filter>ContentServer</Filter>
    </ClCompile>
    <ClCompile Include="NetworkLib.cpp">
      <Filter>ServerCore</Filter>
    </ClCompile>
    <ClCompile Include="Log.cpp">
      <Filter>Util\Log</Filter>
    </ClCompile>
    <ClCompile Include="DBSynchronizer.cpp">
      <Filter>DB</Filter>
    </ClCompile>
    <ClCompile Include="XmlParser.cpp">
      <Filter>Util\XMLParser</Filter>
    </ClCompile>
    <ClCompile Include="FileUtils.cpp">
      <Filter>Util\File</Filter>
    </ClCompile>
    <ClCompile Include="Global.cpp">
      <Filter>Util</Filter>
    </ClCompile>
    <ClCompile Include="Channel.cpp">
      <Filter>ContentServer\Content\Channel</Filter>
    </ClCompile>
    <ClCompile Include="Item.cpp">
      <Filter>ContentServer\Content\Item</Filter>
    </ClCompile>
    <ClCompile Include="DataManager.cpp">
      <Filter>ContentServer\Content\Data</Filter>
    </ClCompile>
    <ClCompile Include="Data.cpp">
      <Filter>ContentServer\Content\Data</Filter>
    </ClCompile>
    <ClCompile Include="Player.cpp">
      <Filter>ContentServer\Content\GameObject\Creature\Player</Filter>
    </ClCompile>
    <ClCompile Include="ChannelManager.cpp">
      <Filter>ContentServer\Content\Channel</Filter>
    </ClCompile>
    <ClCompile Include="GameObject.cpp">
      <Filter>ContentServer\Content\GameObject</Filter>
    </ClCompile>
    <ClCompile Include="Monster.cpp">
      <Filter>ContentServer\Content\GameObject\Creature\Monster</Filter>
    </ClCompile>
    <ClCompile Include="ObjectManager.cpp">
      <Filter>ContentServer\Content\GameObject</Filter>
    </ClCompile>
    <ClCompile Include="Message.cpp">
      <Filter>Message</Filter>
    </ClCompile>
    <ClCompile Include="Inventory.cpp">
      <Filter>ContentServer\Content\Inventory</Filter>
    </ClCompile>
    <ClCompile Include="SkillBox.cpp">
      <Filter>ContentServer\Content\SkillBox</Filter>
    </ClCompile>
    <ClCompile Include="Skill.cpp">
      <Filter>ContentServer\Content\SkillBox\Skill</Filter>
    </ClCompile>
    <ClCompile Include="Environment.cpp">
      <Filter>ContentServer\Content\GameObject\Environment</Filter>
    </ClCompile>
    <ClCompile Include="QuickSlotManager.cpp">
      <Filter>ContentServer\Content\QuickSlotBar</Filter>
    </ClCompile>
    <ClCompile Include="QuickSlotBar.cpp">
      <Filter>ContentServer\Content\QuickSlotBar</Filter>
    </ClCompile>
    <ClCompile Include="GameServerMessage.cpp">
      <Filter>Message</Filter>
    </ClCompile>
    <ClCompile Include="EquipmentBox.cpp">
      <Filter>ContentServer\Content\Equiment</Filter>
    </ClCompile>
    <ClCompile Include="InventoryManager.cpp">
      <Filter>ContentServer\Content\Inventory</Filter>
    </ClCompile>
    <ClCompile Include="Map.cpp">
      <Filter>ContentServer\Content\Map</Filter>
    </ClCompile>
    <ClCompile Include="MapManager.cpp">
      <Filter>ContentServer\Content\Map</Filter>
    </ClCompile>
    <ClCompile Include="Sector.cpp">
      <Filter>ContentServer\Content\Map</Filter>
    </ClCompile>
    <ClCompile Include="Furnace.cpp">
      <Filter>ContentServer\Content\GameObject\CraftingTable</Filter>
    </ClCompile>
    <ClCompile Include="CraftingTable.cpp">
      <Filter>ContentServer\Content\GameObject\CraftingTable</Filter>
    </ClCompile>
    <ClCompile Include="Sawmill.cpp">
      <Filter>ContentServer\Content\GameObject\CraftingTable</Filter>
    </ClCompile>
    <ClCompile Include="Crop.cpp">
      <Filter>ContentServer\Content\GameObject\Crops</Filter>
    </ClCompile>
    <ClCompile Include="Potato.cpp">
      <Filter>ContentServer\Content\GameObject\Crops</Filter>
    </ClCompile>
    <ClCompile Include="RectCollision.cpp">
      <Filter>ContentServer\Content\Collision</Filter>
    </ClCompile>
    <ClCompile Include="Day.cpp">
      <Filter>ContentServer\Content\Day</Filter>
    </ClCompile>
    <ClCompile Include="StorageBox.cpp">
      <Filter>ContentServer\Content\GameObject\Installation</Filter>
    </ClCompile>
    <ClCompile Include="Corn.cpp">
      <Filter>ContentServer\Content\GameObject\Crops</Filter>
    </ClCompile>
    <ClCompile Include="SkillCharacteristic.cpp">
      <Filter>ContentServer\Content\SkillBox\SkillCharacteristic</Filter>
    </ClCompile>
    <ClCompile Include="PartyManager.cpp">
      <Filter>ContentServer\Content\GameObject\Creature\Player</Filter>
    </ClCompile>
    <ClCompile Include="MonsterSkillBox.cpp">
      <Filter>ContentServer\Content\SkillBox</Filter>
    </ClCompile>
    <ClCompile Include="NonPlayer.cpp">
      <Filter>ContentServer\Content\GameObject\Creature\NonPlayer</Filter>
    </ClCompile>
    <ClCompile Include="Creature.cpp">
      <Filter>ContentServer\Content\GameObject\Creature</Filter>
    </ClCompile>
    <ClCompile Include="GeneralMerchantNPC.cpp">
      <Filter>ContentServer\Content\GameObject\Creature\NonPlayer</Filter>
    </ClCompile>
    <ClCompile Include="Goblin.cpp">
      <Filter>ContentServer\Content\GameObject\Creature\Monster</Filter>
    </ClCompile>
    <ClCompile Include="Wall.cpp">
      <Filter>ContentServer\Content\GameObject\Environment</Filter>
    </ClCompile>
    <ClCompile Include="NetworkManager.cpp">
      <Filter>ContentServer\Content\Network</Filter>
    </ClCompile>
    <ClCompile Include="Matrix2x2.cpp">
      <Filter>ContentServer\Content\Math</Filter>
    </ClCompile>
    <ClCompile Include="Vector2.cpp">
      <Filter>ContentServer\Content\Math</Filter>
    </ClCompile>
    <ClCompile Include="Math.cpp" />
    <ClCompile Include="SwordBlade.cpp">
      <Filter>ContentServer\Content\SkillBox\Skill\SkillObject</Filter>
    </ClCompile>
    <ClCompile Include="FlameBolt.cpp">
      <Filter>ContentServer\Content\SkillBox\Skill\SkillObject</Filter>
    </ClCompile>
    <ClCompile Include="DivineBolt.cpp">
      <Filter>ContentServer\Content\SkillBox\Skill\SkillObject</Filter>
    </ClCompile>
    <ClCompile Include="RigidBody2D.cpp">
      <Filter>ContentServer\Content\Collision</Filter>
    </ClCompile>
    <ClCompile Include="QuickSlotKey.cpp">
      <Filter>ContentServer\Content\QuickSlotBar</Filter>
    </ClCompile>
  </ItemGroup>
  <ItemGroup>
    <Xml Include="DBConfig.xml">
      <Filter>Util\Json,Xml\DB</Filter>
    </Xml>
    <Xml Include="GameServerConfig.xml">
      <Filter>Util\Json,Xml\Server</Filter>
    </Xml>
    <Xml Include="GameServerDB.xml">
      <Filter>Util\Json,Xml\DB</Filter>
    </Xml>
  </ItemGroup>
  <ItemGroup>
    <None Include="PlayerCharacterStatus.json">
      <Filter>Util\Json,Xml\Data</Filter>
    </None>
    <None Include="CharacterLevelingData.json">
      <Filter>Util\Json,Xml\Data</Filter>
    </None>
    <None Include="PublicSkillDatas.json">
      <Filter>Util\Json,Xml\Data\SkillData</Filter>
    </None>
    <None Include="CraftingTableData.json">
      <Filter>Util\Json,Xml\Data\CraftingData</Filter>
    </None>
    <None Include="CraftingData.json">
      <Filter>Util\Json,Xml\Data\CraftingData</Filter>
    </None>
    <None Include="MonsterData.json">
      <Filter>Util\Json,Xml\Data\Monster</Filter>
    </None>
    <None Include="MonsterAggroData.json">
      <Filter>Util\Json,Xml\Data\Monster</Filter>
    </None>
    <None Include="CropData.json">
      <Filter>Util\Json,Xml\Data\Crop</Filter>
    </None>
    <None Include="EnvironmentData.json">
      <Filter>Util\Json,Xml\Data\Environment</Filter>
    </None>
    <None Include="ItemData.json">
      <Filter>Util\Json,Xml\Data\Item</Filter>
    </None>
    <None Include="OptionData.json">
      <Filter>Util\Json,Xml\Data\OptionData</Filter>
    </None>
    <None Include="FightSkillDatas.json">
      <Filter>Util\Json,Xml\Data\SkillData</Filter>
    </None>
    <None Include="ProtectionSkillDatas.json">
      <Filter>Util\Json,Xml\Data\SkillData</Filter>
    </None>
    <None Include="AssassinationSkillDatas.json">
      <Filter>Util\Json,Xml\Data\SkillData</Filter>
    </None>
    <None Include="SpellSkillDatas.json">
      <Filter>Util\Json,Xml\Data\SkillData</Filter>
    </None>
    <None Include="ShootingSkillDatas.json">
      <Filter>Util\Json,Xml\Data\SkillData</Filter>
    </None>
    <None Include="DisciplineSkillDatas.json">
      <Filter>Util\Json,Xml\Data\SkillData</Filter>
    </None>
    <None Include="MonsterSkillDatas.json">
      <Filter>Util\Json,Xml\Data\SkillData</Filter>
    </None>
    <None Include="MerchantItemData.json">
      <Filter>Util\Json,Xml\Data\Item</Filter>
    </None>
    <None Include="MapInfoData.json">
      <Filter>Util\Json,Xml\Data\MapData</Filter>
    </None>
    <None Include="DropItemDatas.json">
      <Filter>Util\Json,Xml\Drop</Filter>
    </None>
  </ItemGroup>
</Project>