<?xml version="1.0" encoding="utf-8"?>
<Project ToolsVersion="4.0" xmlns="http://schemas.microsoft.com/developer/msbuild/2003">
  <ItemGroup>
    <Filter Include="리소스 파일">
      <UniqueIdentifier>{67DA6AB6-F800-4c08-8B7A-83BB121AAD01}</UniqueIdentifier>
      <Extensions>rc;ico;cur;bmp;dlg;rc2;rct;bin;rgs;gif;jpg;jpeg;jpe;resx;tiff;tif;png;wav;mfcribbon-ms</Extensions>
    </Filter>
    <Filter Include="LockFree">
      <UniqueIdentifier>{c87e2164-9732-4c1b-bf66-5286097b2676}</UniqueIdentifier>
    </Filter>
    <Filter Include="Memory">
      <UniqueIdentifier>{f359c700-daf2-448a-afd9-28cbffffcfab}</UniqueIdentifier>
    </Filter>
    <Filter Include="Network">
      <UniqueIdentifier>{3a5783a7-736a-4593-b9de-fba98262547d}</UniqueIdentifier>
    </Filter>
    <Filter Include="Server">
      <UniqueIdentifier>{0426dbfb-0461-4632-ab38-811cd50e3bf9}</UniqueIdentifier>
    </Filter>
    <Filter Include="DB">
      <UniqueIdentifier>{030755c5-b6ee-4098-83ef-a67080983754}</UniqueIdentifier>
    </Filter>
    <Filter Include="Xml">
      <UniqueIdentifier>{42e7ee98-cf41-433f-8339-4b94f6627887}</UniqueIdentifier>
    </Filter>
    <Filter Include="ETC">
      <UniqueIdentifier>{de420838-176a-4cc9-b008-9b8b2d7c56ea}</UniqueIdentifier>
    </Filter>
    <Filter Include="File">
      <UniqueIdentifier>{0969c587-3ebd-4168-b30b-f159d461bc56}</UniqueIdentifier>
    </Filter>
    <Filter Include="SHA">
      <UniqueIdentifier>{6a715667-1d48-4455-b9dd-0e39b32b84b5}</UniqueIdentifier>
    </Filter>
  </ItemGroup>
  <ItemGroup>
    <ClCompile Include="main.cpp" />
    <ClCompile Include="Message.cpp">
      <Filter>Network</Filter>
    </ClCompile>
    <ClCompile Include="NetworkLib.cpp">
      <Filter>Server</Filter>
    </ClCompile>
    <ClCompile Include="LoginServer.cpp">
      <Filter>Server</Filter>
    </ClCompile>
    <ClCompile Include="DBConnection.cpp">
      <Filter>DB</Filter>
    </ClCompile>
    <ClCompile Include="DBConnectionPool.cpp">
      <Filter>DB</Filter>
    </ClCompile>
    <ClCompile Include="DBModel.cpp">
      <Filter>DB</Filter>
    </ClCompile>
    <ClCompile Include="DBSynchronizer.cpp">
      <Filter>DB</Filter>
    </ClCompile>
    <ClCompile Include="XmlParser.cpp">
      <Filter>Xml</Filter>
    </ClCompile>
    <ClCompile Include="Log.cpp">
      <Filter>ETC</Filter>
    </ClCompile>
    <ClCompile Include="FileUtils.cpp">
      <Filter>File</Filter>
    </ClCompile>
    <ClCompile Include="Global.cpp">
      <Filter>ETC</Filter>
    </ClCompile>
    <ClCompile Include="KISA_SHA256.c">
      <Filter>SHA</Filter>
    </ClCompile>
  </ItemGroup>
  <ItemGroup>
    <ClInclude Include="pch.h" />
    <ClInclude Include="LockFreeStack.h">
      <Filter>LockFree</Filter>
    </ClInclude>
    <ClInclude Include="LockFreeQue.h">
      <Filter>LockFree</Filter>
    </ClInclude>
    <ClInclude Include="RingBuffer.h">
      <Filter>Memory</Filter>
    </ClInclude>
    <ClInclude Include="ObjectPoolFreeList.h">
      <Filter>Memory</Filter>
    </ClInclude>
    <ClInclude Include="MemoryPoolTLS.h">
      <Filter>Memory</Filter>
    </ClInclude>
    <ClInclude Include="Message.h">
      <Filter>Network</Filter>
    </ClInclude>
    <ClInclude Include="NetworkLib.h">
      <Filter>Server</Filter>
    </ClInclude>
    <ClInclude Include="LoginSessionInfo.h">
      <Filter>Server</Filter>
    </ClInclude>
    <ClInclude Include="LoginServer.h">
      <Filter>Server</Filter>
    </ClInclude>
    <ClInclude Include="LoginServerInfo.h">
      <Filter>Server</Filter>
    </ClInclude>
    <ClInclude Include="DBSynchronizer.h">
      <Filter>DB</Filter>
    </ClInclude>
    <ClInclude Include="DBBind.h">
      <Filter>DB</Filter>
    </ClInclude>
    <ClInclude Include="DBConnection.h">
      <Filter>DB</Filter>
    </ClInclude>
    <ClInclude Include="DBConnectionPool.h">
      <Filter>DB</Filter>
    </ClInclude>
    <ClInclude Include="DBModel.h">
      <Filter>DB</Filter>
    </ClInclude>
    <ClInclude Include="DBStoreProcedure.h">
      <Filter>DB</Filter>
    </ClInclude>
    <ClInclude Include="rapidxml_iterators.hpp">
      <Filter>Xml</Filter>
    </ClInclude>
    <ClInclude Include="rapidxml_print.hpp">
      <Filter>Xml</Filter>
    </ClInclude>
    <ClInclude Include="rapidxml_utils.hpp">
      <Filter>Xml</Filter>
    </ClInclude>
    <ClInclude Include="XmlParser.h">
      <Filter>Xml</Filter>
    </ClInclude>
    <ClInclude Include="rapidxml.hpp">
      <Filter>Xml</Filter>
    </ClInclude>
    <ClInclude Include="Log.h">
      <Filter>ETC</Filter>
    </ClInclude>
    <ClInclude Include="Macro.h">
      <Filter>ETC</Filter>
    </ClInclude>
    <ClInclude Include="Type.h">
      <Filter>ETC</Filter>
    </ClInclude>
    <ClInclude Include="FileUtils.h">
      <Filter>File</Filter>
    </ClInclude>
    <ClInclude Include="CommonProtocol.h">
      <Filter>Server</Filter>
    </ClInclude>
    <ClInclude Include="Global.h">
      <Filter>ETC</Filter>
    </ClInclude>
    <ClInclude Include="KISA_SHA256.h">
      <Filter>SHA</Filter>
    </ClInclude>
  </ItemGroup>
  <ItemGroup>
    <Xml Include="DBConfig.xml">
      <Filter>DB</Filter>
    </Xml>
    <Xml Include="LoginServerDB.xml">
      <Filter>DB</Filter>
    </Xml>
    <Xml Include="LoginServerConfig.xml">
      <Filter>Server</Filter>
    </Xml>
    <Xml Include="TokenDB.xml">
      <Filter>Xml</Filter>
    </Xml>
  </ItemGroup>
</Project>